dev.vaulteq.com/enimatek/go-netmd-lib v0.1.0 h1:Diz0WU5bLGr+84FmwqllPf/S8gDnyfOag6mcJtOfLSY=
dev.vaulteq.com/enimatek/go-netmd-lib v0.1.0/go.mod h1:vrm6YldxNLSkr/q9UZY/SA75Dnh0N0FxnEwBO2XJ8j4=
github.com/enimatek-nl/gousb v1.1.2-0.20210607143911-42b4d2b04d56 h1:8toDjPQBSzNM1/NzY81YtMnZ7CcUNupr1WYqH+/742Y=
github.com/enimatek-nl/gousb v1.1.2-0.20210607143911-42b4d2b04d56/go.mod h1:h2xLIj29l9ZWdaYLEPsYCNEO+wKw1H3SpHVfXR12uTw=
